{
  "dependencies": {
    "annotator": {
      "version": "https://github.com/FinalsClub/annotator/tarball/6c100fd411c36221833f01d43f4f19b8cba03100",
      "dependencies": {
        "backbone-events-standalone": {
          "version": "0.2.4"
        },
        "backbone-extend-standalone": {
          "version": "0.1.2"
        },
        "es6-promise": {
          "version": "0.1.2"
        },
        "xpath-range": {
          "version": "0.0.3"
        },
        "jquery": {
          "version": "1.11.1"
        }
      }
    }
  }
}
